
Microsoft Visual Studio Solution File, Format Version 12.00
# Visual Studio Version 17
VisualStudioVersion = 17.6.33723.286
MinimumVisualStudioVersion = 10.0.40219.1
Project("{FAE04EC0-301F-11D3-BF4B-00C04F79EFBC}") = "FinalProject_HiTech", "FinalProject_HiTech\FinalProject_HiTech.csproj", "{3DFA692C-1372-4816-8FDA-07B1FD6DA948}"
EndProject
Global
	GlobalSection(SolutionConfigurationPlatforms) = preSolution
		Debug|Any CPU = Debug|Any CPU
		Release|Any CPU = Release|Any CPU
	EndGlobalSection
	GlobalSection(ProjectConfigurationPlatforms) = postSolution
		{3DFA692C-1372-4816-8FDA-07B1FD6DA948}.Debug|Any CPU.ActiveCfg = Debug|Any CPU
		{3DFA692C-1372-4816-8FDA-07B1FD6DA948}.Debug|Any CPU.Build.0 = Debug|Any CPU
		{3DFA692C-1372-4816-8FDA-07B1FD6DA948}.Release|Any CPU.ActiveCfg = Release|Any CPU
		{3DFA692C-1372-4816-8FDA-07B1FD6DA948}.Release|Any CPU.Build.0 = Release|Any CPU
	EndGlobalSection
	GlobalSection(SolutionProperties) = preSolution
		HideSolutionNode = FALSE
	EndGlobalSection
	GlobalSection(ExtensibilityGlobals) = postSolution
		SolutionGuid = {AF6B3F36-7F55-4391-B001-3E58F8BD5E8E}
	EndGlobalSection
EndGlobal
